
Microsoft Visual Studio Solution File, Format Version 12.00
# Visual Studio 15
VisualStudioVersion = 15.0.28307.421
MinimumVisualStudioVersion = 10.0.40219.1
Project("{2150E333-8FDC-42A3-9474-1A3956D46DE8}") = "src", "src", "{91E88B67-C3B2-4788-9033-8A84F0167799}"
EndProject
Project("{2150E333-8FDC-42A3-9474-1A3956D46DE8}") = "services", "services", "{1ECFB27A-52B0-471A-A3A1-BA20BD5DFB8C}"
EndProject
Project("{2150E333-8FDC-42A3-9474-1A3956D46DE8}") = "web", "web", "{6531BC32-CB20-4F2D-A797-BA5B36625F82}"
EndProject
Project("{9A19103F-16F7-4668-BE54-9A1E7A4F7556}") = "EventCatalogAPI", "EventCatalogAPI\EventCatalogAPI.csproj", "{4B316089-8830-4B43-AF15-504BD0517F93}"
EndProject
Project("{9A19103F-16F7-4668-BE54-9A1E7A4F7556}") = "WebMvc", "WebMvc\WebMvc.csproj", "{713E9F5F-5F54-439D-A402-7AB5318FD067}"
EndProject
Project("{E53339B2-1760-4266-BCC7-CA923CBCF16C}") = "docker-compose", "docker-compose.dcproj", "{F402A2BB-27A5-441C-BD1B-9E4834685580}"
EndProject
Project("{9A19103F-16F7-4668-BE54-9A1E7A4F7556}") = "TokenServiceApi", "TokenServiceApi\TokenServiceApi.csproj", "{05AB49D9-3887-4980-8F11-3DF8E522DC3D}"
EndProject
Project("{9A19103F-16F7-4668-BE54-9A1E7A4F7556}") = "CartApi", "CartApi\CartApi.csproj", "{896A103C-2756-441B-9E8F-7EFEDB5125E1}"
EndProject
Project("{9A19103F-16F7-4668-BE54-9A1E7A4F7556}") = "OrderApi", "OrderApi\OrderApi.csproj", "{0AD06C75-4DF9-4EF7-9F24-1FF7E3ECB1BD}"
EndProject
Global
	GlobalSection(SolutionConfigurationPlatforms) = preSolution
		Debug|Any CPU = Debug|Any CPU
		Release|Any CPU = Release|Any CPU
	EndGlobalSection
	GlobalSection(ProjectConfigurationPlatforms) = postSolution
		{4B316089-8830-4B43-AF15-504BD0517F93}.Debug|Any CPU.ActiveCfg = Debug|Any CPU
		{4B316089-8830-4B43-AF15-504BD0517F93}.Debug|Any CPU.Build.0 = Debug|Any CPU
		{4B316089-8830-4B43-AF15-504BD0517F93}.Release|Any CPU.ActiveCfg = Release|Any CPU
		{4B316089-8830-4B43-AF15-504BD0517F93}.Release|Any CPU.Build.0 = Release|Any CPU
		{713E9F5F-5F54-439D-A402-7AB5318FD067}.Debug|Any CPU.ActiveCfg = Debug|Any CPU
		{713E9F5F-5F54-439D-A402-7AB5318FD067}.Debug|Any CPU.Build.0 = Debug|Any CPU
		{713E9F5F-5F54-439D-A402-7AB5318FD067}.Release|Any CPU.ActiveCfg = Release|Any CPU
		{713E9F5F-5F54-439D-A402-7AB5318FD067}.Release|Any CPU.Build.0 = Release|Any CPU
		{F402A2BB-27A5-441C-BD1B-9E4834685580}.Debug|Any CPU.ActiveCfg = Debug|Any CPU
		{F402A2BB-27A5-441C-BD1B-9E4834685580}.Debug|Any CPU.Build.0 = Debug|Any CPU
		{F402A2BB-27A5-441C-BD1B-9E4834685580}.Release|Any CPU.ActiveCfg = Release|Any CPU
		{F402A2BB-27A5-441C-BD1B-9E4834685580}.Release|Any CPU.Build.0 = Release|Any CPU
		{05AB49D9-3887-4980-8F11-3DF8E522DC3D}.Debug|Any CPU.ActiveCfg = Debug|Any CPU
		{05AB49D9-3887-4980-8F11-3DF8E522DC3D}.Debug|Any CPU.Build.0 = Debug|Any CPU
		{05AB49D9-3887-4980-8F11-3DF8E522DC3D}.Release|Any CPU.ActiveCfg = Release|Any CPU
		{05AB49D9-3887-4980-8F11-3DF8E522DC3D}.Release|Any CPU.Build.0 = Release|Any CPU
		{896A103C-2756-441B-9E8F-7EFEDB5125E1}.Debug|Any CPU.ActiveCfg = Debug|Any CPU
		{896A103C-2756-441B-9E8F-7EFEDB5125E1}.Debug|Any CPU.Build.0 = Debug|Any CPU
		{896A103C-2756-441B-9E8F-7EFEDB5125E1}.Release|Any CPU.ActiveCfg = Release|Any CPU
		{896A103C-2756-441B-9E8F-7EFEDB5125E1}.Release|Any CPU.Build.0 = Release|Any CPU
		{0AD06C75-4DF9-4EF7-9F24-1FF7E3ECB1BD}.Debug|Any CPU.ActiveCfg = Debug|Any CPU
		{0AD06C75-4DF9-4EF7-9F24-1FF7E3ECB1BD}.Debug|Any CPU.Build.0 = Debug|Any CPU
		{0AD06C75-4DF9-4EF7-9F24-1FF7E3ECB1BD}.Release|Any CPU.ActiveCfg = Release|Any CPU
		{0AD06C75-4DF9-4EF7-9F24-1FF7E3ECB1BD}.Release|Any CPU.Build.0 = Release|Any CPU
	EndGlobalSection
	GlobalSection(SolutionProperties) = preSolution
		HideSolutionNode = FALSE
	EndGlobalSection
	GlobalSection(NestedProjects) = preSolution
		{1ECFB27A-52B0-471A-A3A1-BA20BD5DFB8C} = {91E88B67-C3B2-4788-9033-8A84F0167799}
		{6531BC32-CB20-4F2D-A797-BA5B36625F82} = {91E88B67-C3B2-4788-9033-8A84F0167799}
		{4B316089-8830-4B43-AF15-504BD0517F93} = {1ECFB27A-52B0-471A-A3A1-BA20BD5DFB8C}
		{713E9F5F-5F54-439D-A402-7AB5318FD067} = {6531BC32-CB20-4F2D-A797-BA5B36625F82}
		{05AB49D9-3887-4980-8F11-3DF8E522DC3D} = {1ECFB27A-52B0-471A-A3A1-BA20BD5DFB8C}
		{896A103C-2756-441B-9E8F-7EFEDB5125E1} = {1ECFB27A-52B0-471A-A3A1-BA20BD5DFB8C}
		{0AD06C75-4DF9-4EF7-9F24-1FF7E3ECB1BD} = {1ECFB27A-52B0-471A-A3A1-BA20BD5DFB8C}
	EndGlobalSection
	GlobalSection(ExtensibilityGlobals) = postSolution
		SolutionGuid = {F055BA95-E46B-4DCB-B454-214CA7FD9FC4}
	EndGlobalSection
EndGlobal
